# THIS IS AN AUTOGENERATED FILE. DO NOT EDIT THIS FILE DIRECTLY.
# yarn lockfile v1


avalanche-css@^1.3.0:
  version "1.3.0"
  resolved "https://registry.yarnpkg.com/avalanche-css/-/avalanche-css-1.3.0.tgz#e32e9a11604038b268db15bd61dab4ed7d378ebc"
  integrity sha1-4y6aEWBAOLJo2xW9Ydq07X03jrw=

normalize.css@^8.0.0:
  version "8.0.0"
  resolved "https://registry.yarnpkg.com/normalize.css/-/normalize.css-8.0.0.tgz#14ac5e461612538a4ce9be90a7da23f86e718493"
  integrity sha512-iXcbM3NWr0XkNyfiSBsoPezi+0V92P9nj84yVV1/UZxRUrGczgX/X91KMAGM0omWLY2+2Q1gKD/XRn4gQRDB2A==
